
Microsoft Visual Studio Solution File, Format Version 12.00
# Visual Studio Version 17
VisualStudioVersion = 17.4.33205.214
MinimumVisualStudioVersion = 10.0.40219.1
Project("{FAE04EC0-301F-11D3-BF4B-00C04F79EFBC}") = "WpfGraphicsTransformApp", "WpfGraphicsTransformApp\WpfGraphicsTransformApp.csproj", "{F7CE9E9B-BEB4-4A70-8289-F501EB558BDC}"
EndProject
Global
	GlobalSection(SolutionConfigurationPlatforms) = preSolution
		Debug|Any CPU = Debug|Any CPU
		Release|Any CPU = Release|Any CPU
	EndGlobalSection
	GlobalSection(ProjectConfigurationPlatforms) = postSolution
		{F7CE9E9B-BEB4-4A70-8289-F501EB558BDC}.Debug|Any CPU.ActiveCfg = Debug|Any CPU
		{F7CE9E9B-BEB4-4A70-8289-F501EB558BDC}.Debug|Any CPU.Build.0 = Debug|Any CPU
		{F7CE9E9B-BEB4-4A70-8289-F501EB558BDC}.Release|Any CPU.ActiveCfg = Release|Any CPU
		{F7CE9E9B-BEB4-4A70-8289-F501EB558BDC}.Release|Any CPU.Build.0 = Release|Any CPU
	EndGlobalSection
	GlobalSection(SolutionProperties) = preSolution
		HideSolutionNode = FALSE
	EndGlobalSection
	GlobalSection(ExtensibilityGlobals) = postSolution
		SolutionGuid = {A1D9272D-A8C9-41B6-9990-6A423010E6DD}
	EndGlobalSection
EndGlobal
